// !$*UTF8*$!
{
	archiveVersion = 1;
	classes = {
	};
	objectVersion = 50;
	objects = {

/* Begin PBXBuildFile section */
		B6FA66E7D2F3C14CC6790888 /* Pods_Meteo.framework in Frameworks */ = {isa = PBXBuildFile; fileRef = 29BFAADB13C9234731A3D6E5 /* Pods_Meteo.framework */; };
		F02F6BCB223AA50900C0D9D6 /* AppDelegate.swift in Sources */ = {isa = PBXBuildFile; fileRef = F02F6BCA223AA50900C0D9D6 /* AppDelegate.swift */; };
		F02F6BCD223AA50900C0D9D6 /* MeteoViewController.swift in Sources */ = {isa = PBXBuildFile; fileRef = F02F6BCC223AA50900C0D9D6 /* MeteoViewController.swift */; };
		F02F6BD2223AA50900C0D9D6 /* Main.storyboard in Resources */ = {isa = PBXBuildFile; fileRef = F02F6BD0223AA50900C0D9D6 /* Main.storyboard */; };
		F02F6BD4223AA50B00C0D9D6 /* Assets.xcassets in Resources */ = {isa = PBXBuildFile; fileRef = F02F6BD3223AA50B00C0D9D6 /* Assets.xcassets */; };
		F02F6BD7223AA50B00C0D9D6 /* LaunchScreen.storyboard in Resources */ = {isa = PBXBuildFile; fileRef = F02F6BD5223AA50B00C0D9D6 /* LaunchScreen.storyboard */; };
		F02F6BE2223AA50B00C0D9D6 /* MeteoTests.swift in Sources */ = {isa = PBXBuildFile; fileRef = F02F6BE1223AA50B00C0D9D6 /* MeteoTests.swift */; };
		F02F6BEE223AA5DE00C0D9D6 /* MeteoViewModel.swift in Sources */ = {isa = PBXBuildFile; fileRef = F02F6BED223AA5DE00C0D9D6 /* MeteoViewModel.swift */; };
		F02F6BF4223AB8D700C0D9D6 /* HeaderView.swift in Sources */ = {isa = PBXBuildFile; fileRef = F02F6BF3223AB8D700C0D9D6 /* HeaderView.swift */; };
		F02F6BF6223AB8E400C0D9D6 /* HeaderView.xib in Resources */ = {isa = PBXBuildFile; fileRef = F02F6BF5223AB8E400C0D9D6 /* HeaderView.xib */; };
		F02F6BF9223ABB1000C0D9D6 /* DayViewModel.swift in Sources */ = {isa = PBXBuildFile; fileRef = F02F6BF8223ABB1000C0D9D6 /* DayViewModel.swift */; };
		F02F6BFB223ABFA900C0D9D6 /* DayCell.swift in Sources */ = {isa = PBXBuildFile; fileRef = F02F6BFA223ABFA900C0D9D6 /* DayCell.swift */; };
/* End PBXBuildFile section */

/* Begin PBXContainerItemProxy section */
		F02F6BDE223AA50B00C0D9D6 /* PBXContainerItemProxy */ = {
			isa = PBXContainerItemProxy;
			containerPortal = F02F6BBF223AA50900C0D9D6 /* Project object */;
			proxyType = 1;
			remoteGlobalIDString = F02F6BC6223AA50900C0D9D6;
			remoteInfo = Meteo;
		};
/* End PBXContainerItemProxy section */

/* Begin PBXFileReference section */
		036C83A008FD217D0FB01203 /* Pods-Meteo.release.xcconfig */ = {isa = PBXFileReference; includeInIndex = 1; lastKnownFileType = text.xcconfig; name = "Pods-Meteo.release.xcconfig"; path = "Target Support Files/Pods-Meteo/Pods-Meteo.release.xcconfig"; sourceTree = "<group>"; };
		29BFAADB13C9234731A3D6E5 /* Pods_Meteo.framework */ = {isa = PBXFileReference; explicitFileType = wrapper.framework; includeInIndex = 0; path = Pods_Meteo.framework; sourceTree = BUILT_PRODUCTS_DIR; };
		C240F9B27D0AD90C315A182B /* Pods-Meteo.debug.xcconfig */ = {isa = PBXFileReference; includeInIndex = 1; lastKnownFileType = text.xcconfig; name = "Pods-Meteo.debug.xcconfig"; path = "Target Support Files/Pods-Meteo/Pods-Meteo.debug.xcconfig"; sourceTree = "<group>"; };
		F02F6BC7223AA50900C0D9D6 /* Meteo.app */ = {isa = PBXFileReference; explicitFileType = wrapper.application; includeInIndex = 0; path = Meteo.app; sourceTree = BUILT_PRODUCTS_DIR; };
		F02F6BCA223AA50900C0D9D6 /* AppDelegate.swift */ = {isa = PBXFileReference; lastKnownFileType = sourcecode.swift; path = AppDelegate.swift; sourceTree = "<group>"; };
		F02F6BCC223AA50900C0D9D6 /* MeteoViewController.swift */ = {isa = PBXFileReference; lastKnownFileType = sourcecode.swift; path = MeteoViewController.swift; sourceTree = "<group>"; };
		F02F6BD1223AA50900C0D9D6 /* Base */ = {isa = PBXFileReference; lastKnownFileType = file.storyboard; name = Base; path = Base.lproj/Main.storyboard; sourceTree = "<group>"; };
		F02F6BD3223AA50B00C0D9D6 /* Assets.xcassets */ = {isa = PBXFileReference; lastKnownFileType = folder.assetcatalog; path = Assets.xcassets; sourceTree = "<group>"; };
		F02F6BD6223AA50B00C0D9D6 /* Base */ = {isa = PBXFileReference; lastKnownFileType = file.storyboard; name = Base; path = Base.lproj/LaunchScreen.storyboard; sourceTree = "<group>"; };
		F02F6BD8223AA50B00C0D9D6 /* Info.plist */ = {isa = PBXFileReference; lastKnownFileType = text.plist.xml; path = Info.plist; sourceTree = "<group>"; };
		F02F6BDD223AA50B00C0D9D6 /* MeteoTests.xctest */ = {isa = PBXFileReference; explicitFileType = wrapper.cfbundle; includeInIndex = 0; path = MeteoTests.xctest; sourceTree = BUILT_PRODUCTS_DIR; };
		F02F6BE1223AA50B00C0D9D6 /* MeteoTests.swift */ = {isa = PBXFileReference; lastKnownFileType = sourcecode.swift; path = MeteoTests.swift; sourceTree = "<group>"; };
		F02F6BE3223AA50B00C0D9D6 /* Info.plist */ = {isa = PBXFileReference; lastKnownFileType = text.plist.xml; path = Info.plist; sourceTree = "<group>"; };
		F02F6BED223AA5DE00C0D9D6 /* MeteoViewModel.swift */ = {isa = PBXFileReference; lastKnownFileType = sourcecode.swift; path = MeteoViewModel.swift; sourceTree = "<group>"; };
		F02F6BF3223AB8D700C0D9D6 /* HeaderView.swift */ = {isa = PBXFileReference; lastKnownFileType = sourcecode.swift; path = HeaderView.swift; sourceTree = "<group>"; };
		F02F6BF5223AB8E400C0D9D6 /* HeaderView.xib */ = {isa = PBXFileReference; lastKnownFileType = file.xib; path = HeaderView.xib; sourceTree = "<group>"; };
		F02F6BF8223ABB1000C0D9D6 /* DayViewModel.swift */ = {isa = PBXFileReference; lastKnownFileType = sourcecode.swift; path = DayViewModel.swift; sourceTree = "<group>"; };
		F02F6BFA223ABFA900C0D9D6 /* DayCell.swift */ = {isa = PBXFileReference; lastKnownFileType = sourcecode.swift; path = DayCell.swift; sourceTree = "<group>"; };
/* End PBXFileReference section */

/* Begin PBXFrameworksBuildPhase section */
		F02F6BC4223AA50900C0D9D6 /* Frameworks */ = {
			isa = PBXFrameworksBuildPhase;
			buildActionMask = 2147483647;
			files = (
				B6FA66E7D2F3C14CC6790888 /* Pods_Meteo.framework in Frameworks */,
			);
			runOnlyForDeploymentPostprocessing = 0;
		};
		F02F6BDA223AA50B00C0D9D6 /* Frameworks */ = {
			isa = PBXFrameworksBuildPhase;
			buildActionMask = 2147483647;
			files = (
			);
			runOnlyForDeploymentPostprocessing = 0;
		};
/* End PBXFrameworksBuildPhase section */

/* Begin PBXGroup section */
		4DEF694DC8067E2B593450AF /* Pods */ = {
			isa = PBXGroup;
			children = (
				C240F9B27D0AD90C315A182B /* Pods-Meteo.debug.xcconfig */,
				036C83A008FD217D0FB01203 /* Pods-Meteo.release.xcconfig */,
			);
			path = Pods;
			sourceTree = "<group>";
		};
		B43179B920A3AAAAB6FA4581 /* Frameworks */ = {
			isa = PBXGroup;
			children = (
				29BFAADB13C9234731A3D6E5 /* Pods_Meteo.framework */,
			);
			name = Frameworks;
			sourceTree = "<group>";
		};
		F02F6BBE223AA50900C0D9D6 = {
			isa = PBXGroup;
			children = (
				F02F6BC9223AA50900C0D9D6 /* Meteo */,
				F02F6BE0223AA50B00C0D9D6 /* MeteoTests */,
				F02F6BC8223AA50900C0D9D6 /* Products */,
				4DEF694DC8067E2B593450AF /* Pods */,
				B43179B920A3AAAAB6FA4581 /* Frameworks */,
			);
			sourceTree = "<group>";
		};
		F02F6BC8223AA50900C0D9D6 /* Products */ = {
			isa = PBXGroup;
			children = (
				F02F6BC7223AA50900C0D9D6 /* Meteo.app */,
				F02F6BDD223AA50B00C0D9D6 /* MeteoTests.xctest */,
			);
			name = Products;
			sourceTree = "<group>";
		};
		F02F6BC9223AA50900C0D9D6 /* Meteo */ = {
			isa = PBXGroup;
			children = (
				F02F6BEC223AA5D100C0D9D6 /* meteo */,
				F02F6BCA223AA50900C0D9D6 /* AppDelegate.swift */,
				F02F6BD0223AA50900C0D9D6 /* Main.storyboard */,
				F02F6BD3223AA50B00C0D9D6 /* Assets.xcassets */,
				F02F6BD5223AA50B00C0D9D6 /* LaunchScreen.storyboard */,
				F02F6BD8223AA50B00C0D9D6 /* Info.plist */,
			);
			path = Meteo;
			sourceTree = "<group>";
		};
		F02F6BE0223AA50B00C0D9D6 /* MeteoTests */ = {
			isa = PBXGroup;
			children = (
				F02F6BE1223AA50B00C0D9D6 /* MeteoTests.swift */,
				F02F6BE3223AA50B00C0D9D6 /* Info.plist */,
			);
			path = MeteoTests;
			sourceTree = "<group>";
		};
		F02F6BEC223AA5D100C0D9D6 /* meteo */ = {
			isa = PBXGroup;
			children = (
				F02F6BF7223ABB0000C0D9D6 /* cell */,
				F02F6BF2223AB88200C0D9D6 /* view */,
				F02F6BEF223AABA800C0D9D6 /* model */,
				F02F6BCC223AA50900C0D9D6 /* MeteoViewController.swift */,
				F02F6BED223AA5DE00C0D9D6 /* MeteoViewModel.swift */,
			);
			path = meteo;
			sourceTree = "<group>";
		};
		F02F6BEF223AABA800C0D9D6 /* model */ = {
			isa = PBXGroup;
			children = (
			);
			path = model;
			sourceTree = "<group>";
		};
		F02F6BF2223AB88200C0D9D6 /* view */ = {
			isa = PBXGroup;
			children = (
				F02F6BF3223AB8D700C0D9D6 /* HeaderView.swift */,
				F02F6BF5223AB8E400C0D9D6 /* HeaderView.xib */,
			);
			path = view;
			sourceTree = "<group>";
		};
		F02F6BF7223ABB0000C0D9D6 /* cell */ = {
			isa = PBXGroup;
			children = (
				F02F6BF8223ABB1000C0D9D6 /* DayViewModel.swift */,
				F02F6BFA223ABFA900C0D9D6 /* DayCell.swift */,
			);
			path = cell;
			sourceTree = "<group>";
		};
/* End PBXGroup section */

/* Begin PBXNativeTarget section */
		F02F6BC6223AA50900C0D9D6 /* Meteo */ = {
			isa = PBXNativeTarget;
			buildConfigurationList = F02F6BE6223AA50B00C0D9D6 /* Build configuration list for PBXNativeTarget "Meteo" */;
			buildPhases = (
				22FD4A4871488F755CC4FE41 /* [CP] Check Pods Manifest.lock */,
				F02F6BC3223AA50900C0D9D6 /* Sources */,
				F02F6BC4223AA50900C0D9D6 /* Frameworks */,
				F02F6BC5223AA50900C0D9D6 /* Resources */,
			);
			buildRules = (
			);
			dependencies = (
			);
			name = Meteo;
			productName = Meteo;
			productReference = F02F6BC7223AA50900C0D9D6 /* Meteo.app */;
			productType = "com.apple.product-type.application";
		};
		F02F6BDC223AA50B00C0D9D6 /* MeteoTests */ = {
			isa = PBXNativeTarget;
			buildConfigurationList = F02F6BE9223AA50B00C0D9D6 /* Build configuration list for PBXNativeTarget "MeteoTests" */;
			buildPhases = (
				F02F6BD9223AA50B00C0D9D6 /* Sources */,
				F02F6BDA223AA50B00C0D9D6 /* Frameworks */,
				F02F6BDB223AA50B00C0D9D6 /* Resources */,
			);
			buildRules = (
			);
			dependencies = (
				F02F6BDF223AA50B00C0D9D6 /* PBXTargetDependency */,
			);
			name = MeteoTests;
			productName = MeteoTests;
			productReference = F02F6BDD223AA50B00C0D9D6 /* MeteoTests.xctest */;
			productType = "com.apple.product-type.bundle.unit-test";
		};
/* End PBXNativeTarget section */

/* Begin PBXProject section */
		F02F6BBF223AA50900C0D9D6 /* Project object */ = {
			isa = PBXProject;
			attributes = {
				LastSwiftUpdateCheck = 1010;
				LastUpgradeCheck = 1010;
				ORGANIZATIONNAME = "Guihal Gwenn";
				TargetAttributes = {
					F02F6BC6223AA50900C0D9D6 = {
						CreatedOnToolsVersion = 10.1;
					};
					F02F6BDC223AA50B00C0D9D6 = {
						CreatedOnToolsVersion = 10.1;
						TestTargetID = F02F6BC6223AA50900C0D9D6;
					};
				};
			};
			buildConfigurationList = F02F6BC2223AA50900C0D9D6 /* Build configuration list for PBXProject "Meteo" */;
			compatibilityVersion = "Xcode 9.3";
			developmentRegion = en;
			hasScannedForEncodings = 0;
			knownRegions = (
				en,
				Base,
			);
			mainGroup = F02F6BBE223AA50900C0D9D6;
			productRefGroup = F02F6BC8223AA50900C0D9D6 /* Products */;
			projectDirPath = "";
			projectRoot = "";
			targets = (
				F02F6BC6223AA50900C0D9D6 /* Meteo */,
				F02F6BDC223AA50B00C0D9D6 /* MeteoTests */,
			);
		};
/* End PBXProject section */

/* Begin PBXResourcesBuildPhase section */
		F02F6BC5223AA50900C0D9D6 /* Resources */ = {
			isa = PBXResourcesBuildPhase;
			buildActionMask = 2147483647;
			files = (
				F02F6BD7223AA50B00C0D9D6 /* LaunchScreen.storyboard in Resources */,
				F02F6BD4223AA50B00C0D9D6 /* Assets.xcassets in Resources */,
				F02F6BD2223AA50900C0D9D6 /* Main.storyboard in Resources */,
				F02F6BF6223AB8E400C0D9D6 /* HeaderView.xib in Resources */,
			);
			runOnlyForDeploymentPostprocessing = 0;
		};
		F02F6BDB223AA50B00C0D9D6 /* Resources */ = {
			isa = PBXResourcesBuildPhase;
			buildActionMask = 2147483647;
			files = (
			);
			runOnlyForDeploymentPostprocessing = 0;
		};
/* End PBXResourcesBuildPhase section */

/* Begin PBXShellScriptBuildPhase section */
		22FD4A4871488F755CC4FE41 /* [CP] Check Pods Manifest.lock */ = {
			isa = PBXShellScriptBuildPhase;
			buildActionMask = 2147483647;
			files = (
			);
			inputFileListPaths = (
			);
			inputPaths = (
				"${PODS_PODFILE_DIR_PATH}/Podfile.lock",
				"${PODS_ROOT}/Manifest.lock",
			);
			name = "[CP] Check Pods Manifest.lock";
			outputFileListPaths = (
			);
			outputPaths = (
				"$(DERIVED_FILE_DIR)/Pods-Meteo-checkManifestLockResult.txt",
			);
			runOnlyForDeploymentPostprocessing = 0;
			shellPath = /bin/sh;
			shellScript = "diff \"${PODS_PODFILE_DIR_PATH}/Podfile.lock\" \"${PODS_ROOT}/Manifest.lock\" > /dev/null\nif [ $? != 0 ] ; then\n    # print error to STDERR\n    echo \"error: The sandbox is not in sync with the Podfile.lock. Run 'pod install' or update your CocoaPods installation.\" >&2\n    exit 1\nfi\n# This output is used by Xcode 'outputs' to avoid re-running this script phase.\necho \"SUCCESS\" > \"${SCRIPT_OUTPUT_FILE_0}\"\n";
			showEnvVarsInLog = 0;
		};
/* End PBXShellScriptBuildPhase section */

/* Begin PBXSourcesBuildPhase section */
		F02F6BC3223AA50900C0D9D6 /* Sources */ = {
			isa = PBXSourcesBuildPhase;
			buildActionMask = 2147483647;
			files = (
				F02F6BF4223AB8D700C0D9D6 /* HeaderView.swift in Sources */,
				F02F6BEE223AA5DE00C0D9D6 /* MeteoViewModel.swift in Sources */,
				F02F6BFB223ABFA900C0D9D6 /* DayCell.swift in Sources */,
				F02F6BCD223AA50900C0D9D6 /* MeteoViewController.swift in Sources */,
				F02F6BCB223AA50900C0D9D6 /* AppDelegate.swift in Sources */,
				F02F6BF9223ABB1000C0D9D6 /* DayViewModel.swift in Sources */,
			);
			runOnlyForDeploymentPostprocessing = 0;
		};
		F02F6BD9223AA50B00C0D9D6 /* Sources */ = {
			isa = PBXSourcesBuildPhase;
			buildActionMask = 2147483647;
			files = (
				F02F6BE2223AA50B00C0D9D6 /* MeteoTests.swift in Sources */,
			);
			runOnlyForDeploymentPostprocessing = 0;
		};
/* End PBXSourcesBuildPhase section */

/* Begin PBXTargetDependency section */
		F02F6BDF223AA50B00C0D9D6 /* PBXTargetDependency */ = {
			isa = PBXTargetDependency;
			target = F02F6BC6223AA50900C0D9D6 /* Meteo */;
			targetProxy = F02F6BDE223AA50B00C0D9D6 /* PBXContainerItemProxy */;
		};
/* End PBXTargetDependency section */

/* Begin PBXVariantGroup section */
		F02F6BD0223AA50900C0D9D6 /* Main.storyboard */ = {
			isa = PBXVariantGroup;
			children = (
				F02F6BD1223AA50900C0D9D6 /* Base */,
			);
			name = Main.storyboard;
			sourceTree = "<group>";
		};
		F02F6BD5223AA50B00C0D9D6 /* LaunchScreen.storyboard */ = {
			isa = PBXVariantGroup;
			children = (
				F02F6BD6223AA50B00C0D9D6 /* Base */,
			);
			name = LaunchScreen.storyboard;
			sourceTree = "<group>";
		};
/* End PBXVariantGroup section */

/* Begin XCBuildConfiguration section */
		F02F6BE4223AA50B00C0D9D6 /* Debug */ = {
			isa = XCBuildConfiguration;
			buildSettings = {
				ALWAYS_SEARCH_USER_PATHS = NO;
				CLANG_ANALYZER_NONNULL = YES;
				CLANG_ANALYZER_NUMBER_OBJECT_CONVERSION = YES_AGGRESSIVE;
				CLANG_CXX_LANGUAGE_STANDARD = "gnu++14";
				CLANG_CXX_LIBRARY = "libc++";
				CLANG_ENABLE_MODULES = YES;
				CLANG_ENABLE_OBJC_ARC = YES;
				CLANG_ENABLE_OBJC_WEAK = YES;
				CLANG_WARN_BLOCK_CAPTURE_AUTORELEASING = YES;
				CLANG_WARN_BOOL_CONVERSION = YES;
				CLANG_WARN_COMMA = YES;
				CLANG_WARN_CONSTANT_CONVERSION = YES;
				CLANG_WARN_DEPRECATED_OBJC_IMPLEMENTATIONS = YES;
				CLANG_WARN_DIRECT_OBJC_ISA_USAGE = YES_ERROR;
				CLANG_WARN_DOCUMENTATION_COMMENTS = YES;
				CLANG_WARN_EMPTY_BODY = YES;
				CLANG_WARN_ENUM_CONVERSION = YES;
				CLANG_WARN_INFINITE_RECURSION = YES;
				CLANG_WARN_INT_CONVERSION = YES;
				CLANG_WARN_NON_LITERAL_NULL_CONVERSION = YES;
				CLANG_WARN_OBJC_IMPLICIT_RETAIN_SELF = YES;
				CLANG_WARN_OBJC_LITERAL_CONVERSION = YES;
				CLANG_WARN_OBJC_ROOT_CLASS = YES_ERROR;
				CLANG_WARN_RANGE_LOOP_ANALYSIS = YES;
				CLANG_WARN_STRICT_PROTOTYPES = YES;
				CLANG_WARN_SUSPICIOUS_MOVE = YES;
				CLANG_WARN_UNGUARDED_AVAILABILITY = YES_AGGRESSIVE;
				CLANG_WARN_UNREACHABLE_CODE = YES;
				CLANG_WARN__DUPLICATE_METHOD_MATCH = YES;
				CODE_SIGN_IDENTITY = "iPhone Developer";
				COPY_PHASE_STRIP = NO;
				DEBUG_INFORMATION_FORMAT = dwarf;
				ENABLE_STRICT_OBJC_MSGSEND = YES;
				ENABLE_TESTABILITY = YES;
				GCC_C_LANGUAGE_STANDARD = gnu11;
				GCC_DYNAMIC_NO_PIC = NO;
				GCC_NO_COMMON_BLOCKS = YES;
				GCC_OPTIMIZATION_LEVEL = 0;
				GCC_PREPROCESSOR_DEFINITIONS = (
					"DEBUG=1",
					"$(inherited)",
				);
				GCC_WARN_64_TO_32_BIT_CONVERSION = YES;
				GCC_WARN_ABOUT_RETURN_TYPE = YES_ERROR;
				GCC_WARN_UNDECLARED_SELECTOR = YES;
				GCC_WARN_UNINITIALIZED_AUTOS = YES_AGGRESSIVE;
				GCC_WARN_UNUSED_FUNCTION = YES;
				GCC_WARN_UNUSED_VARIABLE = YES;
				IPHONEOS_DEPLOYMENT_TARGET = 12.1;
				MTL_ENABLE_DEBUG_INFO = INCLUDE_SOURCE;
				MTL_FAST_MATH = YES;
				ONLY_ACTIVE_ARCH = YES;
				SDKROOT = iphoneos;
				SWIFT_ACTIVE_COMPILATION_CONDITIONS = DEBUG;
				SWIFT_OPTIMIZATION_LEVEL = "-Onone";
			};
			name = Debug;
		};
		F02F6BE5223AA50B00C0D9D6 /* Release */ = {
			isa = XCBuildConfiguration;
			buildSettings = {
				ALWAYS_SEARCH_USER_PATHS = NO;
				CLANG_ANALYZER_NONNULL = YES;
				CLANG_ANALYZER_NUMBER_OBJECT_CONVERSION = YES_AGGRESSIVE;
				CLANG_CXX_LANGUAGE_STANDARD = "gnu++14";
				CLANG_CXX_LIBRARY = "libc++";
				CLANG_ENABLE_MODULES = YES;
				CLANG_ENABLE_OBJC_ARC = YES;
				CLANG_ENABLE_OBJC_WEAK = YES;
				CLANG_WARN_BLOCK_CAPTURE_AUTORELEASING = YES;
				CLANG_WARN_BOOL_CONVERSION = YES;
				CLANG_WARN_COMMA = YES;
				CLANG_WARN_CONSTANT_CONVERSION = YES;
				CLANG_WARN_DEPRECATED_OBJC_IMPLEMENTATIONS = YES;
				CLANG_WARN_DIRECT_OBJC_ISA_USAGE = YES_ERROR;
				CLANG_WARN_DOCUMENTATION_COMMENTS = YES;
				CLANG_WARN_EMPTY_BODY = YES;
				CLANG_WARN_ENUM_CONVERSION = YES;
				CLANG_WARN_INFINITE_RECURSION = YES;
				CLANG_WARN_INT_CONVERSION = YES;
				CLANG_WARN_NON_LITERAL_NULL_CONVERSION = YES;
				CLANG_WARN_OBJC_IMPLICIT_RETAIN_SELF = YES;
				CLANG_WARN_OBJC_LITERAL_CONVERSION = YES;
				CLANG_WARN_OBJC_ROOT_CLASS = YES_ERROR;
				CLANG_WARN_RANGE_LOOP_ANALYSIS = YES;
				CLANG_WARN_STRICT_PROTOTYPES = YES;
				CLANG_WARN_SUSPICIOUS_MOVE = YES;
				CLANG_WARN_UNGUARDED_AVAILABILITY = YES_AGGRESSIVE;
				CLANG_WARN_UNREACHABLE_CODE = YES;
				CLANG_WARN__DUPLICATE_METHOD_MATCH = YES;
				CODE_SIGN_IDENTITY = "iPhone Developer";
				COPY_PHASE_STRIP = NO;
				DEBUG_INFORMATION_FORMAT = "dwarf-with-dsym";
				ENABLE_NS_ASSERTIONS = NO;
				ENABLE_STRICT_OBJC_MSGSEND = YES;
				GCC_C_LANGUAGE_STANDARD = gnu11;
				GCC_NO_COMMON_BLOCKS = YES;
				GCC_WARN_64_TO_32_BIT_CONVERSION = YES;
				GCC_WARN_ABOUT_RETURN_TYPE = YES_ERROR;
				GCC_WARN_UNDECLARED_SELECTOR = YES;
				GCC_WARN_UNINITIALIZED_AUTOS = YES_AGGRESSIVE;
				GCC_WARN_UNUSED_FUNCTION = YES;
				GCC_WARN_UNUSED_VARIABLE = YES;
				IPHONEOS_DEPLOYMENT_TARGET = 12.1;
				MTL_ENABLE_DEBUG_INFO = NO;
				MTL_FAST_MATH = YES;
				SDKROOT = iphoneos;
				SWIFT_COMPILATION_MODE = wholemodule;
				SWIFT_OPTIMIZATION_LEVEL = "-O";
				VALIDATE_PRODUCT = YES;
			};
			name = Release;
		};
		F02F6BE7223AA50B00C0D9D6 /* Debug */ = {
			isa = XCBuildConfiguration;
			baseConfigurationReference = C240F9B27D0AD90C315A182B /* Pods-Meteo.debug.xcconfig */;
			buildSettings = {
				ASSETCATALOG_COMPILER_APPICON_NAME = AppIcon;
				CODE_SIGN_STYLE = Automatic;
				INFOPLIST_FILE = Meteo/Info.plist;
				LD_RUNPATH_SEARCH_PATHS = (
					"$(inherited)",
					"@executable_path/Frameworks",
				);
				PRODUCT_BUNDLE_IDENTIFIER = montbeliard.psm.Meteo;
				PRODUCT_NAME = "$(TARGET_NAME)";
				SWIFT_VERSION = 4.2;
				TARGETED_DEVICE_FAMILY = "1,2";
			};
			name = Debug;
		};
		F02F6BE8223AA50B00C0D9D6 /* Release */ = {
			isa = XCBuildConfiguration;
			baseConfigurationReference = 036C83A008FD217D0FB01203 /* Pods-Meteo.release.xcconfig */;
			buildSettings = {
				ASSETCATALOG_COMPILER_APPICON_NAME = AppIcon;
				CODE_SIGN_STYLE = Automatic;
				INFOPLIST_FILE = Meteo/Info.plist;
				LD_RUNPATH_SEARCH_PATHS = (
					"$(inherited)",
					"@executable_path/Frameworks",
				);
				PRODUCT_BUNDLE_IDENTIFIER = montbeliard.psm.Meteo;
				PRODUCT_NAME = "$(TARGET_NAME)";
				SWIFT_VERSION = 4.2;
				TARGETED_DEVICE_FAMILY = "1,2";
			};
			name = Release;
		};
		F02F6BEA223AA50B00C0D9D6 /* Debug */ = {
			isa = XCBuildConfiguration;
			buildSettings = {
				ALWAYS_EMBED_SWIFT_STANDARD_LIBRARIES = YES;
				BUNDLE_LOADER = "$(TEST_HOST)";
				CODE_SIGN_STYLE = Automatic;
				INFOPLIST_FILE = MeteoTests/Info.plist;
				LD_RUNPATH_SEARCH_PATHS = (
					"$(inherited)",
					"@executable_path/Frameworks",
					"@loader_path/Frameworks",
				);
				PRODUCT_BUNDLE_IDENTIFIER = montbeliard.psm.MeteoTests;
				PRODUCT_NAME = "$(TARGET_NAME)";
				SWIFT_VERSION = 4.2;
				TARGETED_DEVICE_FAMILY = "1,2";
				TEST_HOST = "$(BUILT_PRODUCTS_DIR)/Meteo.app/Meteo";
			};
			name = Debug;
		};
		F02F6BEB223AA50B00C0D9D6 /* Release */ = {
			isa = XCBuildConfiguration;
			buildSettings = {
				ALWAYS_EMBED_SWIFT_STANDARD_LIBRARIES = YES;
				BUNDLE_LOADER = "$(TEST_HOST)";
				CODE_SIGN_STYLE = Automatic;
				INFOPLIST_FILE = MeteoTests/Info.plist;
				LD_RUNPATH_SEARCH_PATHS = (
					"$(inherited)",
					"@executable_path/Frameworks",
					"@loader_path/Frameworks",
				);
				PRODUCT_BUNDLE_IDENTIFIER = montbeliard.psm.MeteoTests;
				PRODUCT_NAME = "$(TARGET_NAME)";
				SWIFT_VERSION = 4.2;
				TARGETED_DEVICE_FAMILY = "1,2";
				TEST_HOST = "$(BUILT_PRODUCTS_DIR)/Meteo.app/Meteo";
			};
			name = Release;
		};
/* End XCBuildConfiguration section */

/* Begin XCConfigurationList section */
		F02F6BC2223AA50900C0D9D6 /* Build configuration list for PBXProject "Meteo" */ = {
			isa = XCConfigurationList;
			buildConfigurations = (
				F02F6BE4223AA50B00C0D9D6 /* Debug */,
				F02F6BE5223AA50B00C0D9D6 /* Release */,
			);
			defaultConfigurationIsVisible = 0;
			defaultConfigurationName = Release;
		};
		F02F6BE6223AA50B00C0D9D6 /* Build configuration list for PBXNativeTarget "Meteo" */ = {
			isa = XCConfigurationList;
			buildConfigurations = (
				F02F6BE7223AA50B00C0D9D6 /* Debug */,
				F02F6BE8223AA50B00C0D9D6 /* Release */,
			);
			defaultConfigurationIsVisible = 0;
			defaultConfigurationName = Release;
		};
		F02F6BE9223AA50B00C0D9D6 /* Build configuration list for PBXNativeTarget "MeteoTests" */ = {
			isa = XCConfigurationList;
			buildConfigurations = (
				F02F6BEA223AA50B00C0D9D6 /* Debug */,
				F02F6BEB223AA50B00C0D9D6 /* Release */,
			);
			defaultConfigurationIsVisible = 0;
			defaultConfigurationName = Release;
		};
/* End XCConfigurationList section */
	};
	rootObject = F02F6BBF223AA50900C0D9D6 /* Project object */;
}
